
Microsoft Visual Studio Solution File, Format Version 12.00
# Visual Studio 2015
Project("{FAE04EC0-301F-11D3-BF4B-00C04F79EFBC}") = "ChildHood-Saga", "ChildHood-Saga.csproj", "{AC5EEE5B-DEE3-3A1B-E8B6-A045316DE29D}"
EndProject
Global
	GlobalSection(SolutionConfigurationPlatforms) = preSolution
		Debug|Any CPU = Debug|Any CPU
		Release|Any CPU = Release|Any CPU
	EndGlobalSection
	GlobalSection(ProjectConfigurationPlatforms) = postSolution
		{AC5EEE5B-DEE3-3A1B-E8B6-A045316DE29D}.Debug|Any CPU.ActiveCfg = Debug|Any CPU
		{AC5EEE5B-DEE3-3A1B-E8B6-A045316DE29D}.Debug|Any CPU.Build.0 = Debug|Any CPU
		{AC5EEE5B-DEE3-3A1B-E8B6-A045316DE29D}.Release|Any CPU.ActiveCfg = Release|Any CPU
		{AC5EEE5B-DEE3-3A1B-E8B6-A045316DE29D}.Release|Any CPU.Build.0 = Release|Any CPU
	EndGlobalSection
	GlobalSection(SolutionProperties) = preSolution
		HideSolutionNode = FALSE
	EndGlobalSection
EndGlobal
